{
  "requires": true,
  "lockfileVersion": 1,
  "dependencies": {
    "@shivangshukla/example_package": {
      "version": "0.0.1",
      "resolved": "https://registry.npmjs.org/@shivangshukla/example_package/-/example_package-0.0.1.tgz",
      "integrity": "sha512-Rt861qg9wgBTGRB7vuZAJLSxmD3+SnP/0iVU+iuRkOcGkV4LYu1NaphalrfTptVkoIyQYMlcgdDqi3Cq5EMjeg=="
    }
  }
}
